
Microsoft Visual Studio Solution File, Format Version 12.00
# Visual Studio Version 17
VisualStudioVersion = 17.8.34511.84
MinimumVisualStudioVersion = 10.0.40219.1
Project("{2150E333-8FDC-42A3-9474-1A3956D46DE8}") = "src", "src", "{21808167-37D7-416C-8ADF-E93D928044E9}"
EndProject
Project("{FAE04EC0-301F-11D3-BF4B-00C04F79EFBC}") = "Presentation.Server", "src\Presentation.Server\Presentation.Server.csproj", "{23AD4C80-ECF3-4989-B184-6FEB51784454}"
EndProject
Project("{FAE04EC0-301F-11D3-BF4B-00C04F79EFBC}") = "Presentation.Client", "src\Presentation.Client\Presentation.Client.csproj", "{BBD73094-CB07-424D-9973-508D035F52EB}"
EndProject
Global
	GlobalSection(SolutionConfigurationPlatforms) = preSolution
		Debug|Any CPU = Debug|Any CPU
		Release|Any CPU = Release|Any CPU
	EndGlobalSection
	GlobalSection(ProjectConfigurationPlatforms) = postSolution
		{23AD4C80-ECF3-4989-B184-6FEB51784454}.Debug|Any CPU.ActiveCfg = Debug|Any CPU
		{23AD4C80-ECF3-4989-B184-6FEB51784454}.Debug|Any CPU.Build.0 = Debug|Any CPU
		{23AD4C80-ECF3-4989-B184-6FEB51784454}.Release|Any CPU.ActiveCfg = Release|Any CPU
		{23AD4C80-ECF3-4989-B184-6FEB51784454}.Release|Any CPU.Build.0 = Release|Any CPU
		{BBD73094-CB07-424D-9973-508D035F52EB}.Debug|Any CPU.ActiveCfg = Debug|Any CPU
		{BBD73094-CB07-424D-9973-508D035F52EB}.Debug|Any CPU.Build.0 = Debug|Any CPU
		{BBD73094-CB07-424D-9973-508D035F52EB}.Release|Any CPU.ActiveCfg = Release|Any CPU
		{BBD73094-CB07-424D-9973-508D035F52EB}.Release|Any CPU.Build.0 = Release|Any CPU
	EndGlobalSection
	GlobalSection(SolutionProperties) = preSolution
		HideSolutionNode = FALSE
	EndGlobalSection
	GlobalSection(NestedProjects) = preSolution
		{23AD4C80-ECF3-4989-B184-6FEB51784454} = {21808167-37D7-416C-8ADF-E93D928044E9}
		{BBD73094-CB07-424D-9973-508D035F52EB} = {21808167-37D7-416C-8ADF-E93D928044E9}
	EndGlobalSection
	GlobalSection(ExtensibilityGlobals) = postSolution
		SolutionGuid = {85A3C529-B9DD-4F42-AD38-4F3C94A7E235}
	EndGlobalSection
EndGlobal
