
Microsoft Visual Studio Solution File, Format Version 12.00
# Visual Studio Version 17
VisualStudioVersion = 17.8.34511.84
MinimumVisualStudioVersion = 10.0.40219.1
Project("{2150E333-8FDC-42A3-9474-1A3956D46DE8}") = "src", "src", "{21808167-37D7-416C-8ADF-E93D928044E9}"
EndProject
Project("{9A19103F-16F7-4668-BE54-9A1E7A4F7556}") = "Presentation.Server", "src\Presentation.Server\Presentation.Server.csproj", "{23AD4C80-ECF3-4989-B184-6FEB51784454}"
EndProject
Project("{9A19103F-16F7-4668-BE54-9A1E7A4F7556}") = "Presentation.Client", "src\Presentation.Client\Presentation.Client.csproj", "{BBD73094-CB07-424D-9973-508D035F52EB}"
EndProject
Project("{9A19103F-16F7-4668-BE54-9A1E7A4F7556}") = "Domain", "src\Domain\Domain.csproj", "{6E8D5A0F-35D8-4538-AA77-1703E0B5C5BF}"
EndProject
Project("{9A19103F-16F7-4668-BE54-9A1E7A4F7556}") = "Application", "src\Application\Application.csproj", "{95338D6C-7DD8-45E6-9153-6262BBBF7397}"
EndProject
Project("{9A19103F-16F7-4668-BE54-9A1E7A4F7556}") = "Infrastructure", "src\Infrastructure\Infrastructure.csproj", "{20B9A60B-C2A9-4B09-8006-BAD566BC2D0F}"
EndProject
Project("{E53339B2-1760-4266-BCC7-CA923CBCF16C}") = "docker-compose", "src\docker-compose.dcproj", "{ECE48F23-18BF-49B3-8D8B-A41BF4903D98}"
EndProject
Global
	GlobalSection(SolutionConfigurationPlatforms) = preSolution
		Debug|Any CPU = Debug|Any CPU
		Release|Any CPU = Release|Any CPU
	EndGlobalSection
	GlobalSection(ProjectConfigurationPlatforms) = postSolution
		{23AD4C80-ECF3-4989-B184-6FEB51784454}.Debug|Any CPU.ActiveCfg = Debug|Any CPU
		{23AD4C80-ECF3-4989-B184-6FEB51784454}.Debug|Any CPU.Build.0 = Debug|Any CPU
		{23AD4C80-ECF3-4989-B184-6FEB51784454}.Release|Any CPU.ActiveCfg = Release|Any CPU
		{23AD4C80-ECF3-4989-B184-6FEB51784454}.Release|Any CPU.Build.0 = Release|Any CPU
		{BBD73094-CB07-424D-9973-508D035F52EB}.Debug|Any CPU.ActiveCfg = Debug|Any CPU
		{BBD73094-CB07-424D-9973-508D035F52EB}.Debug|Any CPU.Build.0 = Debug|Any CPU
		{BBD73094-CB07-424D-9973-508D035F52EB}.Release|Any CPU.ActiveCfg = Release|Any CPU
		{BBD73094-CB07-424D-9973-508D035F52EB}.Release|Any CPU.Build.0 = Release|Any CPU
		{6E8D5A0F-35D8-4538-AA77-1703E0B5C5BF}.Debug|Any CPU.ActiveCfg = Debug|Any CPU
		{6E8D5A0F-35D8-4538-AA77-1703E0B5C5BF}.Debug|Any CPU.Build.0 = Debug|Any CPU
		{6E8D5A0F-35D8-4538-AA77-1703E0B5C5BF}.Release|Any CPU.ActiveCfg = Release|Any CPU
		{6E8D5A0F-35D8-4538-AA77-1703E0B5C5BF}.Release|Any CPU.Build.0 = Release|Any CPU
		{95338D6C-7DD8-45E6-9153-6262BBBF7397}.Debug|Any CPU.ActiveCfg = Debug|Any CPU
		{95338D6C-7DD8-45E6-9153-6262BBBF7397}.Debug|Any CPU.Build.0 = Debug|Any CPU
		{95338D6C-7DD8-45E6-9153-6262BBBF7397}.Release|Any CPU.ActiveCfg = Release|Any CPU
		{95338D6C-7DD8-45E6-9153-6262BBBF7397}.Release|Any CPU.Build.0 = Release|Any CPU
		{20B9A60B-C2A9-4B09-8006-BAD566BC2D0F}.Debug|Any CPU.ActiveCfg = Debug|Any CPU
		{20B9A60B-C2A9-4B09-8006-BAD566BC2D0F}.Debug|Any CPU.Build.0 = Debug|Any CPU
		{20B9A60B-C2A9-4B09-8006-BAD566BC2D0F}.Release|Any CPU.ActiveCfg = Release|Any CPU
		{20B9A60B-C2A9-4B09-8006-BAD566BC2D0F}.Release|Any CPU.Build.0 = Release|Any CPU
		{ECE48F23-18BF-49B3-8D8B-A41BF4903D98}.Debug|Any CPU.ActiveCfg = Debug|Any CPU
		{ECE48F23-18BF-49B3-8D8B-A41BF4903D98}.Debug|Any CPU.Build.0 = Debug|Any CPU
		{ECE48F23-18BF-49B3-8D8B-A41BF4903D98}.Release|Any CPU.ActiveCfg = Release|Any CPU
		{ECE48F23-18BF-49B3-8D8B-A41BF4903D98}.Release|Any CPU.Build.0 = Release|Any CPU
	EndGlobalSection
	GlobalSection(SolutionProperties) = preSolution
		HideSolutionNode = FALSE
	EndGlobalSection
	GlobalSection(NestedProjects) = preSolution
		{23AD4C80-ECF3-4989-B184-6FEB51784454} = {21808167-37D7-416C-8ADF-E93D928044E9}
		{BBD73094-CB07-424D-9973-508D035F52EB} = {21808167-37D7-416C-8ADF-E93D928044E9}
		{6E8D5A0F-35D8-4538-AA77-1703E0B5C5BF} = {21808167-37D7-416C-8ADF-E93D928044E9}
		{95338D6C-7DD8-45E6-9153-6262BBBF7397} = {21808167-37D7-416C-8ADF-E93D928044E9}
		{20B9A60B-C2A9-4B09-8006-BAD566BC2D0F} = {21808167-37D7-416C-8ADF-E93D928044E9}
		{ECE48F23-18BF-49B3-8D8B-A41BF4903D98} = {21808167-37D7-416C-8ADF-E93D928044E9}
	EndGlobalSection
	GlobalSection(ExtensibilityGlobals) = postSolution
		SolutionGuid = {85A3C529-B9DD-4F42-AD38-4F3C94A7E235}
	EndGlobalSection
EndGlobal
